Microsoft Visual Studio Solution File, Format Version 12.00
# Visual Studio Version 17
VisualStudioVersion = 17.5.2.0
MinimumVisualStudioVersion = 10.0.40219.1
Project("{FAE04EC0-301F-11D3-BF4B-00C04F79EFBC}") = "OpsFlow.API", "OpsFlow.API.csproj", "{7242E2B6-4CC9-B81B-C2DE-E323B2C341E5}"
EndProject
Global
	GlobalSection(SolutionConfigurationPlatforms) = preSolution
		Debug|Any CPU = Debug|Any CPU
		Release|Any CPU = Release|Any CPU
	EndGlobalSection
	GlobalSection(ProjectConfigurationPlatforms) = postSolution
		{7242E2B6-4CC9-B81B-C2DE-E323B2C341E5}.Debug|Any CPU.ActiveCfg = Debug|Any CPU
		{7242E2B6-4CC9-B81B-C2DE-E323B2C341E5}.Debug|Any CPU.Build.0 = Debug|Any CPU
		{7242E2B6-4CC9-B81B-C2DE-E323B2C341E5}.Release|Any CPU.ActiveCfg = Release|Any CPU
		{7242E2B6-4CC9-B81B-C2DE-E323B2C341E5}.Release|Any CPU.Build.0 = Release|Any CPU
	EndGlobalSection
	GlobalSection(SolutionProperties) = preSolution
		HideSolutionNode = FALSE
	EndGlobalSection
	GlobalSection(ExtensibilityGlobals) = postSolution
		SolutionGuid = {3C496E83-1818-4CF0-B7D9-16398C27D711}
	EndGlobalSection
EndGlobal
